
Microsoft Visual Studio Solution File, Format Version 12.00
# Visual Studio Version 17
VisualStudioVersion = 17.1.32328.378
MinimumVisualStudioVersion = 10.0.40219.1
Project("{FAE04EC0-301F-11D3-BF4B-00C04F79EFBC}") = "TestingExecl", "TestingExecl\TestingExecl.csproj", "{AE50FE99-FC82-4287-90BB-ABFAF825B502}"
EndProject
Global
	GlobalSection(SolutionConfigurationPlatforms) = preSolution
		Debug|Any CPU = Debug|Any CPU
		Release|Any CPU = Release|Any CPU
	EndGlobalSection
	GlobalSection(ProjectConfigurationPlatforms) = postSolution
		{AE50FE99-FC82-4287-90BB-ABFAF825B502}.Debug|Any CPU.ActiveCfg = Debug|Any CPU
		{AE50FE99-FC82-4287-90BB-ABFAF825B502}.Debug|Any CPU.Build.0 = Debug|Any CPU
		{AE50FE99-FC82-4287-90BB-ABFAF825B502}.Release|Any CPU.ActiveCfg = Release|Any CPU
		{AE50FE99-FC82-4287-90BB-ABFAF825B502}.Release|Any CPU.Build.0 = Release|Any CPU
	EndGlobalSection
	GlobalSection(SolutionProperties) = preSolution
		HideSolutionNode = FALSE
	EndGlobalSection
	GlobalSection(ExtensibilityGlobals) = postSolution
		SolutionGuid = {BAF099F0-86DA-4432-9484-DE15898E43DA}
	EndGlobalSection
EndGlobal
